
Microsoft Visual Studio Solution File, Format Version 12.00
# Visual Studio Version 16
VisualStudioVersion = 16.0.30225.117
MinimumVisualStudioVersion = 10.0.40219.1
Project("{9A19103F-16F7-4668-BE54-9A1E7A4F7556}") = "UniCourses.Dal", "UniCourses.Dal\UniCourses.Dal.csproj", "{319F0249-1820-4C8F-8C2B-2A829CF6ADF0}"
EndProject
Project("{9A19103F-16F7-4668-BE54-9A1E7A4F7556}") = "UniCourses.WebUI", "UniCourses.WebUI\UniCourses.WebUI.csproj", "{5AB2CF87-A94B-420E-9496-BDACAA41CAD1}"
EndProject
Project("{FAE04EC0-301F-11D3-BF4B-00C04F79EFBC}") = "UniCourses.Bl", "UniCourses.Bl\UniCourses.Bl.csproj", "{401192FD-01B6-4111-ABE1-DF194F57C642}"
EndProject
Global
	GlobalSection(SolutionConfigurationPlatforms) = preSolution
		Debug|Any CPU = Debug|Any CPU
		Release|Any CPU = Release|Any CPU
	EndGlobalSection
	GlobalSection(ProjectConfigurationPlatforms) = postSolution
		{319F0249-1820-4C8F-8C2B-2A829CF6ADF0}.Debug|Any CPU.ActiveCfg = Debug|Any CPU
		{319F0249-1820-4C8F-8C2B-2A829CF6ADF0}.Debug|Any CPU.Build.0 = Debug|Any CPU
		{319F0249-1820-4C8F-8C2B-2A829CF6ADF0}.Release|Any CPU.ActiveCfg = Release|Any CPU
		{319F0249-1820-4C8F-8C2B-2A829CF6ADF0}.Release|Any CPU.Build.0 = Release|Any CPU
		{5AB2CF87-A94B-420E-9496-BDACAA41CAD1}.Debug|Any CPU.ActiveCfg = Debug|Any CPU
		{5AB2CF87-A94B-420E-9496-BDACAA41CAD1}.Debug|Any CPU.Build.0 = Debug|Any CPU
		{5AB2CF87-A94B-420E-9496-BDACAA41CAD1}.Release|Any CPU.ActiveCfg = Release|Any CPU
		{5AB2CF87-A94B-420E-9496-BDACAA41CAD1}.Release|Any CPU.Build.0 = Release|Any CPU
		{401192FD-01B6-4111-ABE1-DF194F57C642}.Debug|Any CPU.ActiveCfg = Debug|Any CPU
		{401192FD-01B6-4111-ABE1-DF194F57C642}.Debug|Any CPU.Build.0 = Debug|Any CPU
		{401192FD-01B6-4111-ABE1-DF194F57C642}.Release|Any CPU.ActiveCfg = Release|Any CPU
		{401192FD-01B6-4111-ABE1-DF194F57C642}.Release|Any CPU.Build.0 = Release|Any CPU
	EndGlobalSection
	GlobalSection(SolutionProperties) = preSolution
		HideSolutionNode = FALSE
	EndGlobalSection
	GlobalSection(ExtensibilityGlobals) = postSolution
		SolutionGuid = {276321CC-FE4D-4DB3-8C2C-8B56FA5CA5BC}
	EndGlobalSection
EndGlobal
